// !$*UTF8*$!
{
	archiveVersion = 1;
	classes = {
	};
	objectVersion = 56;
	objects = {

/* Begin PBXBuildFile section */
		76306EAF2B022A2C00AED402 /* WeekWeatherEntity.swift in Sources */ = {isa = PBXBuildFile; fileRef = 76306EAE2B022A2C00AED402 /* WeekWeatherEntity.swift */; };
		76442E782AEB847800B5577E /* AppDelegate.swift in Sources */ = {isa = PBXBuildFile; fileRef = 76442E772AEB847800B5577E /* AppDelegate.swift */; };
		76442E7A2AEB847800B5577E /* SceneDelegate.swift in Sources */ = {isa = PBXBuildFile; fileRef = 76442E792AEB847800B5577E /* SceneDelegate.swift */; };
		76442E812AEB847900B5577E /* Assets.xcassets in Resources */ = {isa = PBXBuildFile; fileRef = 76442E802AEB847900B5577E /* Assets.xcassets */; };
		76442E842AEB847900B5577E /* LaunchScreen.storyboard in Resources */ = {isa = PBXBuildFile; fileRef = 76442E822AEB847900B5577E /* LaunchScreen.storyboard */; };
		765E47BC2AFCAFEC00060F29 /* TomorrowCollectionViewCell.swift in Sources */ = {isa = PBXBuildFile; fileRef = 765E47BB2AFCAFEC00060F29 /* TomorrowCollectionViewCell.swift */; };
		765E47BE2AFCB2CC00060F29 /* DayAfterTomorrowCollectionViewCell.swift in Sources */ = {isa = PBXBuildFile; fileRef = 765E47BD2AFCB2CC00060F29 /* DayAfterTomorrowCollectionViewCell.swift */; };
		765E47C22AFCCEA000060F29 /* WeekWeather.swift in Sources */ = {isa = PBXBuildFile; fileRef = 765E47C12AFCCEA000060F29 /* WeekWeather.swift */; };
		765E47C52AFCD25A00060F29 /* WeekWeatherTableViewCell.swift in Sources */ = {isa = PBXBuildFile; fileRef = 765E47C42AFCD25A00060F29 /* WeekWeatherTableViewCell.swift */; };
		768BF4932AFA0A0400C1487B /* NetworkError.swift in Sources */ = {isa = PBXBuildFile; fileRef = 768BF4922AFA0A0400C1487B /* NetworkError.swift */; };
		76917C722B0330C400A4BEA0 /* WeekWeatherRainAndImage.swift in Sources */ = {isa = PBXBuildFile; fileRef = 76917C712B0330C400A4BEA0 /* WeekWeatherRainAndImage.swift */; };
		76917C752B03880800A4BEA0 /* ColorTheme.swift in Sources */ = {isa = PBXBuildFile; fileRef = 76917C742B03880800A4BEA0 /* ColorTheme.swift */; };
		76917C772B03881700A4BEA0 /* ImageTheme.swift in Sources */ = {isa = PBXBuildFile; fileRef = 76917C762B03881700A4BEA0 /* ImageTheme.swift */; };
		76B4821F2AFB53A80004A51C /* TodayViewController.swift in Sources */ = {isa = PBXBuildFile; fileRef = 76442E7B2AEB847800B5577E /* TodayViewController.swift */; };
		76DB704B2AF8BF3300A145AB /* Forecast3Days.swift in Sources */ = {isa = PBXBuildFile; fileRef = 76DB704A2AF8BF3300A145AB /* Forecast3Days.swift */; };
		76DC7D602AF216D800F566B8 /* TodayCollectionViewCell.swift in Sources */ = {isa = PBXBuildFile; fileRef = 76DC7D5F2AF216D800F566B8 /* TodayCollectionViewCell.swift */; };
		76DC7D622AF2280B00F566B8 /* TomorrowViewController.swift in Sources */ = {isa = PBXBuildFile; fileRef = 76DC7D612AF2280B00F566B8 /* TomorrowViewController.swift */; };
		76DC7D652AF2282900F566B8 /* ThisWeekViewController.swift in Sources */ = {isa = PBXBuildFile; fileRef = 76DC7D642AF2282900F566B8 /* ThisWeekViewController.swift */; };
		76DC7D6B2AF2352600F566B8 /* NetworkManager.swift in Sources */ = {isa = PBXBuildFile; fileRef = 76DC7D6A2AF2352600F566B8 /* NetworkManager.swift */; };
		76DC7D702AF24A3900F566B8 /* CurrentWeather.swift in Sources */ = {isa = PBXBuildFile; fileRef = 76DC7D6F2AF24A3900F566B8 /* CurrentWeather.swift */; };
		76DC7D722AF24E6E00F566B8 /* Constants.swift in Sources */ = {isa = PBXBuildFile; fileRef = 76DC7D712AF24E6E00F566B8 /* Constants.swift */; };
		76EE73352B0A1612008C8995 /* Image+.swift in Sources */ = {isa = PBXBuildFile; fileRef = 76EE73342B0A1612008C8995 /* Image+.swift */; };
		76EE73372B0A1855008C8995 /* Date+.swift in Sources */ = {isa = PBXBuildFile; fileRef = 76EE73362B0A1855008C8995 /* Date+.swift */; };
		76EE73392B0A1BF7008C8995 /* WeatherDataManager.swift in Sources */ = {isa = PBXBuildFile; fileRef = 76EE73382B0A1BF7008C8995 /* WeatherDataManager.swift */; };
		76EE733B2B0A1D60008C8995 /* WeatherDataManager+.swift in Sources */ = {isa = PBXBuildFile; fileRef = 76EE733A2B0A1D60008C8995 /* WeatherDataManager+.swift */; };
		76EE733D2B0A1DC8008C8995 /* MainWeather.swift in Sources */ = {isa = PBXBuildFile; fileRef = 76EE733C2B0A1DC8008C8995 /* MainWeather.swift */; };
/* End PBXBuildFile section */

/* Begin PBXFileReference section */
		76306EAE2B022A2C00AED402 /* WeekWeatherEntity.swift */ = {isa = PBXFileReference; lastKnownFileType = sourcecode.swift; path = WeekWeatherEntity.swift; sourceTree = "<group>"; };
		76442E742AEB847800B5577E /* WeatherForYou.app */ = {isa = PBXFileReference; explicitFileType = wrapper.application; includeInIndex = 0; path = WeatherForYou.app; sourceTree = BUILT_PRODUCTS_DIR; };
		76442E772AEB847800B5577E /* AppDelegate.swift */ = {isa = PBXFileReference; lastKnownFileType = sourcecode.swift; path = AppDelegate.swift; sourceTree = "<group>"; };
		76442E792AEB847800B5577E /* SceneDelegate.swift */ = {isa = PBXFileReference; lastKnownFileType = sourcecode.swift; path = SceneDelegate.swift; sourceTree = "<group>"; };
		76442E7B2AEB847800B5577E /* TodayViewController.swift */ = {isa = PBXFileReference; lastKnownFileType = sourcecode.swift; path = TodayViewController.swift; sourceTree = "<group>"; };
		76442E802AEB847900B5577E /* Assets.xcassets */ = {isa = PBXFileReference; lastKnownFileType = folder.assetcatalog; path = Assets.xcassets; sourceTree = "<group>"; };
		76442E832AEB847900B5577E /* Base */ = {isa = PBXFileReference; lastKnownFileType = file.storyboard; name = Base; path = Base.lproj/LaunchScreen.storyboard; sourceTree = "<group>"; };
		76442E852AEB847900B5577E /* Info.plist */ = {isa = PBXFileReference; lastKnownFileType = text.plist.xml; path = Info.plist; sourceTree = "<group>"; };
		765E47BB2AFCAFEC00060F29 /* TomorrowCollectionViewCell.swift */ = {isa = PBXFileReference; lastKnownFileType = sourcecode.swift; path = TomorrowCollectionViewCell.swift; sourceTree = "<group>"; };
		765E47BD2AFCB2CC00060F29 /* DayAfterTomorrowCollectionViewCell.swift */ = {isa = PBXFileReference; lastKnownFileType = sourcecode.swift; path = DayAfterTomorrowCollectionViewCell.swift; sourceTree = "<group>"; };
		765E47C12AFCCEA000060F29 /* WeekWeather.swift */ = {isa = PBXFileReference; lastKnownFileType = sourcecode.swift; path = WeekWeather.swift; sourceTree = "<group>"; };
		765E47C42AFCD25A00060F29 /* WeekWeatherTableViewCell.swift */ = {isa = PBXFileReference; lastKnownFileType = sourcecode.swift; path = WeekWeatherTableViewCell.swift; sourceTree = "<group>"; };
		768BF4922AFA0A0400C1487B /* NetworkError.swift */ = {isa = PBXFileReference; lastKnownFileType = sourcecode.swift; path = NetworkError.swift; sourceTree = "<group>"; };
		76917C712B0330C400A4BEA0 /* WeekWeatherRainAndImage.swift */ = {isa = PBXFileReference; lastKnownFileType = sourcecode.swift; path = WeekWeatherRainAndImage.swift; sourceTree = "<group>"; };
		76917C742B03880800A4BEA0 /* ColorTheme.swift */ = {isa = PBXFileReference; lastKnownFileType = sourcecode.swift; path = ColorTheme.swift; sourceTree = "<group>"; };
		76917C762B03881700A4BEA0 /* ImageTheme.swift */ = {isa = PBXFileReference; lastKnownFileType = sourcecode.swift; path = ImageTheme.swift; sourceTree = "<group>"; };
		76DB704A2AF8BF3300A145AB /* Forecast3Days.swift */ = {isa = PBXFileReference; lastKnownFileType = sourcecode.swift; path = Forecast3Days.swift; sourceTree = "<group>"; };
		76DC7D5F2AF216D800F566B8 /* TodayCollectionViewCell.swift */ = {isa = PBXFileReference; lastKnownFileType = sourcecode.swift; path = TodayCollectionViewCell.swift; sourceTree = "<group>"; };
		76DC7D612AF2280B00F566B8 /* TomorrowViewController.swift */ = {isa = PBXFileReference; lastKnownFileType = sourcecode.swift; path = TomorrowViewController.swift; sourceTree = "<group>"; };
		76DC7D642AF2282900F566B8 /* ThisWeekViewController.swift */ = {isa = PBXFileReference; lastKnownFileType = sourcecode.swift; path = ThisWeekViewController.swift; sourceTree = "<group>"; };
		76DC7D6A2AF2352600F566B8 /* NetworkManager.swift */ = {isa = PBXFileReference; lastKnownFileType = sourcecode.swift; path = NetworkManager.swift; sourceTree = "<group>"; };
		76DC7D6F2AF24A3900F566B8 /* CurrentWeather.swift */ = {isa = PBXFileReference; lastKnownFileType = sourcecode.swift; path = CurrentWeather.swift; sourceTree = "<group>"; };
		76DC7D712AF24E6E00F566B8 /* Constants.swift */ = {isa = PBXFileReference; lastKnownFileType = sourcecode.swift; path = Constants.swift; sourceTree = "<group>"; };
		76DC7D772AF31DAA00F566B8 /* Secrets.xcconfig */ = {isa = PBXFileReference; lastKnownFileType = text.xcconfig; path = Secrets.xcconfig; sourceTree = "<group>"; };
		76EE73342B0A1612008C8995 /* Image+.swift */ = {isa = PBXFileReference; lastKnownFileType = sourcecode.swift; path = "Image+.swift"; sourceTree = "<group>"; };
		76EE73362B0A1855008C8995 /* Date+.swift */ = {isa = PBXFileReference; lastKnownFileType = sourcecode.swift; path = "Date+.swift"; sourceTree = "<group>"; };
		76EE73382B0A1BF7008C8995 /* WeatherDataManager.swift */ = {isa = PBXFileReference; lastKnownFileType = sourcecode.swift; path = WeatherDataManager.swift; sourceTree = "<group>"; };
		76EE733A2B0A1D60008C8995 /* WeatherDataManager+.swift */ = {isa = PBXFileReference; lastKnownFileType = sourcecode.swift; path = "WeatherDataManager+.swift"; sourceTree = "<group>"; };
		76EE733C2B0A1DC8008C8995 /* MainWeather.swift */ = {isa = PBXFileReference; lastKnownFileType = sourcecode.swift; path = MainWeather.swift; sourceTree = "<group>"; };
/* End PBXFileReference section */

/* Begin PBXGroup section */
		76442E6B2AEB847800B5577E = {
			isa = PBXGroup;
			children = (
				76DC7D772AF31DAA00F566B8 /* Secrets.xcconfig */,
				76442E762AEB847800B5577E /* WeatherForYou */,
				76442E752AEB847800B5577E /* Products */,
			);
			sourceTree = "<group>";
		};
		76442E752AEB847800B5577E /* Products */ = {
			isa = PBXGroup;
			children = (
				76442E742AEB847800B5577E /* WeatherForYou.app */,
			);
			name = Products;
			sourceTree = "<group>";
		};
		76442E762AEB847800B5577E /* WeatherForYou */ = {
			isa = PBXGroup;
			children = (
				76442E772AEB847800B5577E /* AppDelegate.swift */,
				76442E792AEB847800B5577E /* SceneDelegate.swift */,
				76917C732B0387AB00A4BEA0 /* Extensions */,
				76DC7D662AF2345300F566B8 /* Helpers */,
				76DC7D692AF2350700F566B8 /* Networking */,
				76DC7D6C2AF23EEB00F566B8 /* Models */,
				76C4393B2B0B27B600238FF0 /* DataManager */,
				76917C782B038F7300A4BEA0 /* Today */,
				76917C792B038F7F00A4BEA0 /* Tomorrow */,
				76917C7A2B038F8600A4BEA0 /* ThisWeek */,
				76442E802AEB847900B5577E /* Assets.xcassets */,
				76442E822AEB847900B5577E /* LaunchScreen.storyboard */,
				76442E852AEB847900B5577E /* Info.plist */,
			);
			path = WeatherForYou;
			sourceTree = "<group>";
		};
		76917C732B0387AB00A4BEA0 /* Extensions */ = {
			isa = PBXGroup;
			children = (
				76917C742B03880800A4BEA0 /* ColorTheme.swift */,
				76917C762B03881700A4BEA0 /* ImageTheme.swift */,
				76EE73342B0A1612008C8995 /* Image+.swift */,
				76EE73362B0A1855008C8995 /* Date+.swift */,
			);
			path = Extensions;
			sourceTree = "<group>";
		};
		76917C782B038F7300A4BEA0 /* Today */ = {
			isa = PBXGroup;
			children = (
				76917C7B2B038F9300A4BEA0 /* Views */,
				76917C7C2B038F9D00A4BEA0 /* Controllers */,
			);
			path = Today;
			sourceTree = "<group>";
		};
		76917C792B038F7F00A4BEA0 /* Tomorrow */ = {
			isa = PBXGroup;
			children = (
				76917C7D2B038FA600A4BEA0 /* Views */,
				76917C7E2B038FAD00A4BEA0 /* Controllers */,
			);
			path = Tomorrow;
			sourceTree = "<group>";
		};
		76917C7A2B038F8600A4BEA0 /* ThisWeek */ = {
			isa = PBXGroup;
			children = (
				76917C7F2B0390C600A4BEA0 /* Views */,
				76917C802B0390CC00A4BEA0 /* Controllers */,
			);
			path = ThisWeek;
			sourceTree = "<group>";
		};
		76917C7B2B038F9300A4BEA0 /* Views */ = {
			isa = PBXGroup;
			children = (
				76DC7D5F2AF216D800F566B8 /* TodayCollectionViewCell.swift */,
			);
			path = Views;
			sourceTree = "<group>";
		};
		76917C7C2B038F9D00A4BEA0 /* Controllers */ = {
			isa = PBXGroup;
			children = (
				76442E7B2AEB847800B5577E /* TodayViewController.swift */,
			);
			path = Controllers;
			sourceTree = "<group>";
		};
		76917C7D2B038FA600A4BEA0 /* Views */ = {
			isa = PBXGroup;
			children = (
				765E47BB2AFCAFEC00060F29 /* TomorrowCollectionViewCell.swift */,
				765E47BD2AFCB2CC00060F29 /* DayAfterTomorrowCollectionViewCell.swift */,
			);
			path = Views;
			sourceTree = "<group>";
		};
		76917C7E2B038FAD00A4BEA0 /* Controllers */ = {
			isa = PBXGroup;
			children = (
				76DC7D612AF2280B00F566B8 /* TomorrowViewController.swift */,
			);
			path = Controllers;
			sourceTree = "<group>";
		};
		76917C7F2B0390C600A4BEA0 /* Views */ = {
			isa = PBXGroup;
			children = (
				765E47C42AFCD25A00060F29 /* WeekWeatherTableViewCell.swift */,
			);
			path = Views;
			sourceTree = "<group>";
		};
		76917C802B0390CC00A4BEA0 /* Controllers */ = {
			isa = PBXGroup;
			children = (
				76DC7D642AF2282900F566B8 /* ThisWeekViewController.swift */,
			);
			path = Controllers;
			sourceTree = "<group>";
		};
		76C4393B2B0B27B600238FF0 /* DataManager */ = {
			isa = PBXGroup;
			children = (
				76EE73382B0A1BF7008C8995 /* WeatherDataManager.swift */,
				76EE733A2B0A1D60008C8995 /* WeatherDataManager+.swift */,
			);
			path = DataManager;
			sourceTree = "<group>";
		};
		76DC7D662AF2345300F566B8 /* Helpers */ = {
			isa = PBXGroup;
			children = (
				76DC7D712AF24E6E00F566B8 /* Constants.swift */,
			);
			path = Helpers;
			sourceTree = "<group>";
		};
		76DC7D692AF2350700F566B8 /* Networking */ = {
			isa = PBXGroup;
			children = (
				76DC7D6A2AF2352600F566B8 /* NetworkManager.swift */,
				768BF4922AFA0A0400C1487B /* NetworkError.swift */,
			);
			path = Networking;
			sourceTree = "<group>";
		};
		76DC7D6C2AF23EEB00F566B8 /* Models */ = {
			isa = PBXGroup;
			children = (
				76DC7D6F2AF24A3900F566B8 /* CurrentWeather.swift */,
				76DB704A2AF8BF3300A145AB /* Forecast3Days.swift */,
				765E47C12AFCCEA000060F29 /* WeekWeather.swift */,
				76917C712B0330C400A4BEA0 /* WeekWeatherRainAndImage.swift */,
				76306EAE2B022A2C00AED402 /* WeekWeatherEntity.swift */,
				76EE733C2B0A1DC8008C8995 /* MainWeather.swift */,
			);
			path = Models;
			sourceTree = "<group>";
		};
/* End PBXGroup section */

/* Begin PBXNativeTarget section */
		76442E732AEB847800B5577E /* WeatherForYou */ = {
			isa = PBXNativeTarget;
			buildConfigurationList = 76442E882AEB847900B5577E /* Build configuration list for PBXNativeTarget "WeatherForYou" */;
			buildPhases = (
				76442E702AEB847800B5577E /* Sources */,
				76442E722AEB847800B5577E /* Resources */,
			);
			buildRules = (
			);
			dependencies = (
			);
			name = WeatherForYou;
			productName = WeatherForYou;
			productReference = 76442E742AEB847800B5577E /* WeatherForYou.app */;
			productType = "com.apple.product-type.application";
		};
/* End PBXNativeTarget section */

/* Begin PBXProject section */
		76442E6C2AEB847800B5577E /* Project object */ = {
			isa = PBXProject;
			attributes = {
				BuildIndependentTargetsInParallel = 1;
				LastSwiftUpdateCheck = 1500;
				LastUpgradeCheck = 1500;
				TargetAttributes = {
					76442E732AEB847800B5577E = {
						CreatedOnToolsVersion = 15.0;
					};
				};
			};
			buildConfigurationList = 76442E6F2AEB847800B5577E /* Build configuration list for PBXProject "WeatherForYou" */;
			compatibilityVersion = "Xcode 14.0";
			developmentRegion = en;
			hasScannedForEncodings = 0;
			knownRegions = (
				en,
				Base,
			);
			mainGroup = 76442E6B2AEB847800B5577E;
			packageReferences = (
			);
			productRefGroup = 76442E752AEB847800B5577E /* Products */;
			projectDirPath = "";
			projectRoot = "";
			targets = (
				76442E732AEB847800B5577E /* WeatherForYou */,
			);
		};
/* End PBXProject section */

/* Begin PBXResourcesBuildPhase section */
		76442E722AEB847800B5577E /* Resources */ = {
			isa = PBXResourcesBuildPhase;
			buildActionMask = 2147483647;
			files = (
				76442E842AEB847900B5577E /* LaunchScreen.storyboard in Resources */,
				76442E812AEB847900B5577E /* Assets.xcassets in Resources */,
			);
			runOnlyForDeploymentPostprocessing = 0;
		};
/* End PBXResourcesBuildPhase section */

/* Begin PBXSourcesBuildPhase section */
		76442E702AEB847800B5577E /* Sources */ = {
			isa = PBXSourcesBuildPhase;
			buildActionMask = 2147483647;
			files = (
				76EE73372B0A1855008C8995 /* Date+.swift in Sources */,
				76EE733D2B0A1DC8008C8995 /* MainWeather.swift in Sources */,
				76DC7D702AF24A3900F566B8 /* CurrentWeather.swift in Sources */,
				76EE73392B0A1BF7008C8995 /* WeatherDataManager.swift in Sources */,
				76442E782AEB847800B5577E /* AppDelegate.swift in Sources */,
				765E47C22AFCCEA000060F29 /* WeekWeather.swift in Sources */,
				76DC7D622AF2280B00F566B8 /* TomorrowViewController.swift in Sources */,
				76DC7D602AF216D800F566B8 /* TodayCollectionViewCell.swift in Sources */,
				76917C772B03881700A4BEA0 /* ImageTheme.swift in Sources */,
				765E47BE2AFCB2CC00060F29 /* DayAfterTomorrowCollectionViewCell.swift in Sources */,
				76DC7D6B2AF2352600F566B8 /* NetworkManager.swift in Sources */,
				76DC7D652AF2282900F566B8 /* ThisWeekViewController.swift in Sources */,
				76442E7A2AEB847800B5577E /* SceneDelegate.swift in Sources */,
				76917C752B03880800A4BEA0 /* ColorTheme.swift in Sources */,
				76DB704B2AF8BF3300A145AB /* Forecast3Days.swift in Sources */,
				76917C722B0330C400A4BEA0 /* WeekWeatherRainAndImage.swift in Sources */,
				76EE733B2B0A1D60008C8995 /* WeatherDataManager+.swift in Sources */,
				765E47C52AFCD25A00060F29 /* WeekWeatherTableViewCell.swift in Sources */,
				768BF4932AFA0A0400C1487B /* NetworkError.swift in Sources */,
				76306EAF2B022A2C00AED402 /* WeekWeatherEntity.swift in Sources */,
				76DC7D722AF24E6E00F566B8 /* Constants.swift in Sources */,
				76EE73352B0A1612008C8995 /* Image+.swift in Sources */,
				765E47BC2AFCAFEC00060F29 /* TomorrowCollectionViewCell.swift in Sources */,
				76B4821F2AFB53A80004A51C /* TodayViewController.swift in Sources */,
			);
			runOnlyForDeploymentPostprocessing = 0;
		};
/* End PBXSourcesBuildPhase section */

/* Begin PBXVariantGroup section */
		76442E822AEB847900B5577E /* LaunchScreen.storyboard */ = {
			isa = PBXVariantGroup;
			children = (
				76442E832AEB847900B5577E /* Base */,
			);
			name = LaunchScreen.storyboard;
			sourceTree = "<group>";
		};
/* End PBXVariantGroup section */

/* Begin XCBuildConfiguration section */
		76442E862AEB847900B5577E /* Debug */ = {
			isa = XCBuildConfiguration;
			buildSettings = {
				ALWAYS_SEARCH_USER_PATHS = NO;
				ASSETCATALOG_COMPILER_GENERATE_SWIFT_ASSET_SYMBOL_EXTENSIONS = YES;
				CLANG_ANALYZER_NONNULL = YES;
				CLANG_ANALYZER_NUMBER_OBJECT_CONVERSION = YES_AGGRESSIVE;
				CLANG_CXX_LANGUAGE_STANDARD = "gnu++20";
				CLANG_ENABLE_MODULES = YES;
				CLANG_ENABLE_OBJC_ARC = YES;
				CLANG_ENABLE_OBJC_WEAK = YES;
				CLANG_WARN_BLOCK_CAPTURE_AUTORELEASING = YES;
				CLANG_WARN_BOOL_CONVERSION = YES;
				CLANG_WARN_COMMA = YES;
				CLANG_WARN_CONSTANT_CONVERSION = YES;
				CLANG_WARN_DEPRECATED_OBJC_IMPLEMENTATIONS = YES;
				CLANG_WARN_DIRECT_OBJC_ISA_USAGE = YES_ERROR;
				CLANG_WARN_DOCUMENTATION_COMMENTS = YES;
				CLANG_WARN_EMPTY_BODY = YES;
				CLANG_WARN_ENUM_CONVERSION = YES;
				CLANG_WARN_INFINITE_RECURSION = YES;
				CLANG_WARN_INT_CONVERSION = YES;
				CLANG_WARN_NON_LITERAL_NULL_CONVERSION = YES;
				CLANG_WARN_OBJC_IMPLICIT_RETAIN_SELF = YES;
				CLANG_WARN_OBJC_LITERAL_CONVERSION = YES;
				CLANG_WARN_OBJC_ROOT_CLASS = YES_ERROR;
				CLANG_WARN_QUOTED_INCLUDE_IN_FRAMEWORK_HEADER = YES;
				CLANG_WARN_RANGE_LOOP_ANALYSIS = YES;
				CLANG_WARN_STRICT_PROTOTYPES = YES;
				CLANG_WARN_SUSPICIOUS_MOVE = YES;
				CLANG_WARN_UNGUARDED_AVAILABILITY = YES_AGGRESSIVE;
				CLANG_WARN_UNREACHABLE_CODE = YES;
				CLANG_WARN__DUPLICATE_METHOD_MATCH = YES;
				COPY_PHASE_STRIP = NO;
				DEBUG_INFORMATION_FORMAT = dwarf;
				ENABLE_STRICT_OBJC_MSGSEND = YES;
				ENABLE_TESTABILITY = YES;
				ENABLE_USER_SCRIPT_SANDBOXING = YES;
				GCC_C_LANGUAGE_STANDARD = gnu17;
				GCC_DYNAMIC_NO_PIC = NO;
				GCC_NO_COMMON_BLOCKS = YES;
				GCC_OPTIMIZATION_LEVEL = 0;
				GCC_PREPROCESSOR_DEFINITIONS = (
					"DEBUG=1",
					"$(inherited)",
				);
				GCC_WARN_64_TO_32_BIT_CONVERSION = YES;
				GCC_WARN_ABOUT_RETURN_TYPE = YES_ERROR;
				GCC_WARN_UNDECLARED_SELECTOR = YES;
				GCC_WARN_UNINITIALIZED_AUTOS = YES_AGGRESSIVE;
				GCC_WARN_UNUSED_FUNCTION = YES;
				GCC_WARN_UNUSED_VARIABLE = YES;
				IPHONEOS_DEPLOYMENT_TARGET = 17.0;
				LOCALIZATION_PREFERS_STRING_CATALOGS = YES;
				MTL_ENABLE_DEBUG_INFO = INCLUDE_SOURCE;
				MTL_FAST_MATH = YES;
				ONLY_ACTIVE_ARCH = YES;
				SDKROOT = iphoneos;
				SWIFT_ACTIVE_COMPILATION_CONDITIONS = "DEBUG $(inherited)";
				SWIFT_OPTIMIZATION_LEVEL = "-Onone";
			};
			name = Debug;
		};
		76442E872AEB847900B5577E /* Release */ = {
			isa = XCBuildConfiguration;
			buildSettings = {
				ALWAYS_SEARCH_USER_PATHS = NO;
				ASSETCATALOG_COMPILER_GENERATE_SWIFT_ASSET_SYMBOL_EXTENSIONS = YES;
				CLANG_ANALYZER_NONNULL = YES;
				CLANG_ANALYZER_NUMBER_OBJECT_CONVERSION = YES_AGGRESSIVE;
				CLANG_CXX_LANGUAGE_STANDARD = "gnu++20";
				CLANG_ENABLE_MODULES = YES;
				CLANG_ENABLE_OBJC_ARC = YES;
				CLANG_ENABLE_OBJC_WEAK = YES;
				CLANG_WARN_BLOCK_CAPTURE_AUTORELEASING = YES;
				CLANG_WARN_BOOL_CONVERSION = YES;
				CLANG_WARN_COMMA = YES;
				CLANG_WARN_CONSTANT_CONVERSION = YES;
				CLANG_WARN_DEPRECATED_OBJC_IMPLEMENTATIONS = YES;
				CLANG_WARN_DIRECT_OBJC_ISA_USAGE = YES_ERROR;
				CLANG_WARN_DOCUMENTATION_COMMENTS = YES;
				CLANG_WARN_EMPTY_BODY = YES;
				CLANG_WARN_ENUM_CONVERSION = YES;
				CLANG_WARN_INFINITE_RECURSION = YES;
				CLANG_WARN_INT_CONVERSION = YES;
				CLANG_WARN_NON_LITERAL_NULL_CONVERSION = YES;
				CLANG_WARN_OBJC_IMPLICIT_RETAIN_SELF = YES;
				CLANG_WARN_OBJC_LITERAL_CONVERSION = YES;
				CLANG_WARN_OBJC_ROOT_CLASS = YES_ERROR;
				CLANG_WARN_QUOTED_INCLUDE_IN_FRAMEWORK_HEADER = YES;
				CLANG_WARN_RANGE_LOOP_ANALYSIS = YES;
				CLANG_WARN_STRICT_PROTOTYPES = YES;
				CLANG_WARN_SUSPICIOUS_MOVE = YES;
				CLANG_WARN_UNGUARDED_AVAILABILITY = YES_AGGRESSIVE;
				CLANG_WARN_UNREACHABLE_CODE = YES;
				CLANG_WARN__DUPLICATE_METHOD_MATCH = YES;
				COPY_PHASE_STRIP = NO;
				DEBUG_INFORMATION_FORMAT = "dwarf-with-dsym";
				ENABLE_NS_ASSERTIONS = NO;
				ENABLE_STRICT_OBJC_MSGSEND = YES;
				ENABLE_USER_SCRIPT_SANDBOXING = YES;
				GCC_C_LANGUAGE_STANDARD = gnu17;
				GCC_NO_COMMON_BLOCKS = YES;
				GCC_WARN_64_TO_32_BIT_CONVERSION = YES;
				GCC_WARN_ABOUT_RETURN_TYPE = YES_ERROR;
				GCC_WARN_UNDECLARED_SELECTOR = YES;
				GCC_WARN_UNINITIALIZED_AUTOS = YES_AGGRESSIVE;
				GCC_WARN_UNUSED_FUNCTION = YES;
				GCC_WARN_UNUSED_VARIABLE = YES;
				IPHONEOS_DEPLOYMENT_TARGET = 17.0;
				LOCALIZATION_PREFERS_STRING_CATALOGS = YES;
				MTL_ENABLE_DEBUG_INFO = NO;
				MTL_FAST_MATH = YES;
				SDKROOT = iphoneos;
				SWIFT_COMPILATION_MODE = wholemodule;
				VALIDATE_PRODUCT = YES;
			};
			name = Release;
		};
		76442E892AEB847900B5577E /* Debug */ = {
			isa = XCBuildConfiguration;
			baseConfigurationReference = 76DC7D772AF31DAA00F566B8 /* Secrets.xcconfig */;
			buildSettings = {
				ASSETCATALOG_COMPILER_APPICON_NAME = AppIcon;
				ASSETCATALOG_COMPILER_GLOBAL_ACCENT_COLOR_NAME = AccentColor;
				CODE_SIGN_STYLE = Automatic;
				CURRENT_PROJECT_VERSION = 1;
				DEVELOPMENT_TEAM = A9AQ72K5MY;
				GENERATE_INFOPLIST_FILE = YES;
				INFOPLIST_FILE = WeatherForYou/Info.plist;
				INFOPLIST_KEY_NSLocationWhenInUseUsageDescription = "사용자의 위치를 기반으로 날씨 정보를 제공하기 위해 권한이 필요합니다.";
				INFOPLIST_KEY_UIApplicationSupportsIndirectInputEvents = YES;
				INFOPLIST_KEY_UILaunchStoryboardName = LaunchScreen.storyboard;
				INFOPLIST_KEY_UISupportedInterfaceOrientations = UIInterfaceOrientationPortrait;
				INFOPLIST_KEY_UISupportedInterfaceOrientations_iPad = "UIInterfaceOrientationLandscapeLeft UIInterfaceOrientationLandscapeRight UIInterfaceOrientationPortrait UIInterfaceOrientationPortraitUpsideDown";
				IPHONEOS_DEPLOYMENT_TARGET = 15.0;
				LD_RUNPATH_SEARCH_PATHS = (
					"$(inherited)",
					"@executable_path/Frameworks",
				);
				MARKETING_VERSION = 1.0;
				PRODUCT_BUNDLE_IDENTIFIER = com.iyeah.WeatherForYou;
				PRODUCT_NAME = "$(TARGET_NAME)";
				SUPPORTED_PLATFORMS = "iphoneos iphonesimulator";
				SUPPORTS_MACCATALYST = NO;
				SUPPORTS_MAC_DESIGNED_FOR_IPHONE_IPAD = NO;
				SWIFT_EMIT_LOC_STRINGS = YES;
				SWIFT_VERSION = 5.0;
				TARGETED_DEVICE_FAMILY = 1;
			};
			name = Debug;
		};
		76442E8A2AEB847900B5577E /* Release */ = {
			isa = XCBuildConfiguration;
			baseConfigurationReference = 76DC7D772AF31DAA00F566B8 /* Secrets.xcconfig */;
			buildSettings = {
				ASSETCATALOG_COMPILER_APPICON_NAME = AppIcon;
				ASSETCATALOG_COMPILER_GLOBAL_ACCENT_COLOR_NAME = AccentColor;
				CODE_SIGN_STYLE = Automatic;
				CURRENT_PROJECT_VERSION = 1;
				DEVELOPMENT_TEAM = A9AQ72K5MY;
				GENERATE_INFOPLIST_FILE = YES;
				INFOPLIST_FILE = WeatherForYou/Info.plist;
				INFOPLIST_KEY_NSLocationWhenInUseUsageDescription = "사용자의 위치를 기반으로 날씨 정보를 제공하기 위해 권한이 필요합니다.";
				INFOPLIST_KEY_UIApplicationSupportsIndirectInputEvents = YES;
				INFOPLIST_KEY_UILaunchStoryboardName = LaunchScreen.storyboard;
				INFOPLIST_KEY_UISupportedInterfaceOrientations = UIInterfaceOrientationPortrait;
				INFOPLIST_KEY_UISupportedInterfaceOrientations_iPad = "UIInterfaceOrientationLandscapeLeft UIInterfaceOrientationLandscapeRight UIInterfaceOrientationPortrait UIInterfaceOrientationPortraitUpsideDown";
				IPHONEOS_DEPLOYMENT_TARGET = 15.0;
				LD_RUNPATH_SEARCH_PATHS = (
					"$(inherited)",
					"@executable_path/Frameworks",
				);
				MARKETING_VERSION = 1.0;
				PRODUCT_BUNDLE_IDENTIFIER = com.iyeah.WeatherForYou;
				PRODUCT_NAME = "$(TARGET_NAME)";
				SUPPORTED_PLATFORMS = "iphoneos iphonesimulator";
				SUPPORTS_MACCATALYST = NO;
				SUPPORTS_MAC_DESIGNED_FOR_IPHONE_IPAD = NO;
				SWIFT_EMIT_LOC_STRINGS = YES;
				SWIFT_VERSION = 5.0;
				TARGETED_DEVICE_FAMILY = 1;
			};
			name = Release;
		};
/* End XCBuildConfiguration section */

/* Begin XCConfigurationList section */
		76442E6F2AEB847800B5577E /* Build configuration list for PBXProject "WeatherForYou" */ = {
			isa = XCConfigurationList;
			buildConfigurations = (
				76442E862AEB847900B5577E /* Debug */,
				76442E872AEB847900B5577E /* Release */,
			);
			defaultConfigurationIsVisible = 0;
			defaultConfigurationName = Release;
		};
		76442E882AEB847900B5577E /* Build configuration list for PBXNativeTarget "WeatherForYou" */ = {
			isa = XCConfigurationList;
			buildConfigurations = (
				76442E892AEB847900B5577E /* Debug */,
				76442E8A2AEB847900B5577E /* Release */,
			);
			defaultConfigurationIsVisible = 0;
			defaultConfigurationName = Release;
		};
/* End XCConfigurationList section */
	};
	rootObject = 76442E6C2AEB847800B5577E /* Project object */;
}
